
Microsoft Visual Studio Solution File, Format Version 12.00
# Visual Studio Version 17
VisualStudioVersion = 17.2.32516.85
MinimumVisualStudioVersion = 10.0.40219.1
Project("{9A19103F-16F7-4668-BE54-9A1E7A4F7556}") = "UserInterface", "UserInterface\UserInterface.csproj", "{51501F52-C588-4897-BF05-DC95F3250B4A}"
EndProject
Project("{9A19103F-16F7-4668-BE54-9A1E7A4F7556}") = "EmployeeData", "EmployeeData\EmployeeData.csproj", "{C1A78346-317D-4AC7-B599-18554F0B1812}"
EndProject
Project("{FAE04EC0-301F-11D3-BF4B-00C04F79EFBC}") = "DataManagerTests", "DataManagerTests\DataManagerTests.csproj", "{47891A8D-7B6D-46CC-A827-F8BC34DEE08A}"
EndProject
Global
	GlobalSection(SolutionConfigurationPlatforms) = preSolution
		Debug|Any CPU = Debug|Any CPU
		Release|Any CPU = Release|Any CPU
	EndGlobalSection
	GlobalSection(ProjectConfigurationPlatforms) = postSolution
		{51501F52-C588-4897-BF05-DC95F3250B4A}.Debug|Any CPU.ActiveCfg = Debug|Any CPU
		{51501F52-C588-4897-BF05-DC95F3250B4A}.Debug|Any CPU.Build.0 = Debug|Any CPU
		{51501F52-C588-4897-BF05-DC95F3250B4A}.Release|Any CPU.ActiveCfg = Release|Any CPU
		{51501F52-C588-4897-BF05-DC95F3250B4A}.Release|Any CPU.Build.0 = Release|Any CPU
		{C1A78346-317D-4AC7-B599-18554F0B1812}.Debug|Any CPU.ActiveCfg = Debug|Any CPU
		{C1A78346-317D-4AC7-B599-18554F0B1812}.Debug|Any CPU.Build.0 = Debug|Any CPU
		{C1A78346-317D-4AC7-B599-18554F0B1812}.Release|Any CPU.ActiveCfg = Release|Any CPU
		{C1A78346-317D-4AC7-B599-18554F0B1812}.Release|Any CPU.Build.0 = Release|Any CPU
		{47891A8D-7B6D-46CC-A827-F8BC34DEE08A}.Debug|Any CPU.ActiveCfg = Debug|Any CPU
		{47891A8D-7B6D-46CC-A827-F8BC34DEE08A}.Debug|Any CPU.Build.0 = Debug|Any CPU
		{47891A8D-7B6D-46CC-A827-F8BC34DEE08A}.Release|Any CPU.ActiveCfg = Release|Any CPU
		{47891A8D-7B6D-46CC-A827-F8BC34DEE08A}.Release|Any CPU.Build.0 = Release|Any CPU
	EndGlobalSection
	GlobalSection(SolutionProperties) = preSolution
		HideSolutionNode = FALSE
	EndGlobalSection
	GlobalSection(ExtensibilityGlobals) = postSolution
		SolutionGuid = {859CE930-1A40-4E03-8254-F51476D6BEAD}
	EndGlobalSection
EndGlobal
